
Microsoft Visual Studio Solution File, Format Version 12.00
# Visual Studio 11
Project("{FAE04EC0-301F-11D3-BF4B-00C04F79EFBC}") = "Windows.ApplicationModel", "Windows.ApplicationModel\Windows.ApplicationModel.csproj", "{91967772-A95A-4376-B0CB-7FA9FC748820}"
EndProject
Project("{FAE04EC0-301F-11D3-BF4B-00C04F79EFBC}") = "Windows.ApplicationModel.Activation", "Windows.ApplicationModel.Activation\Windows.ApplicationModel.Activation.csproj", "{2DEE9007-9531-46FC-83DE-D551BE69D806}"
EndProject
Project("{FAE04EC0-301F-11D3-BF4B-00C04F79EFBC}") = "Windows.ApplicationModel.Background", "Windows.ApplicationModel.Background\Windows.ApplicationModel.Background.csproj", "{D6DDEC71-EBC4-42E8-96E9-82A2A05A107F}"
EndProject
Project("{FAE04EC0-301F-11D3-BF4B-00C04F79EFBC}") = "Windows.ApplicationModel.Contacts", "Windows.ApplicationModel.Contacts\Windows.ApplicationModel.Contacts.csproj", "{4B9CB14A-E91F-48E4-BC9C-D279859C46BE}"
EndProject
Project("{FAE04EC0-301F-11D3-BF4B-00C04F79EFBC}") = "Windows.ApplicationModel.Contacts.Provider", "Windows.ApplicationModel.Contacts.Provider\Windows.ApplicationModel.Contacts.Provider.csproj", "{1A0F5A27-BDD1-4BAD-AFE1-FF0B7883ACC9}"
EndProject
Project("{FAE04EC0-301F-11D3-BF4B-00C04F79EFBC}") = "Windows.ApplicationModel.Core", "Windows.ApplicationModel.Core\Windows.ApplicationModel.Core.csproj", "{BCD45CF4-5B34-4E23-87F0-65DF02B481E6}"
EndProject
Project("{FAE04EC0-301F-11D3-BF4B-00C04F79EFBC}") = "Windows.ApplicationModel.DataTransfer", "Windows.ApplicationModel.DataTransfer\Windows.ApplicationModel.DataTransfer.csproj", "{F633EA69-17CB-49AD-9935-548FD23DC907}"
EndProject
Project("{FAE04EC0-301F-11D3-BF4B-00C04F79EFBC}") = "Windows.ApplicationModel.DataTransfer.ShareTarget", "Windows.ApplicationModel.DataTransfer.ShareTarget\Windows.ApplicationModel.DataTransfer.ShareTarget.csproj", "{4B8D69DD-7C7E-4310-8A9A-278D98208CE2}"
EndProject
Project("{FAE04EC0-301F-11D3-BF4B-00C04F79EFBC}") = "Windows.ApplicationModel.Resources", "Windows.ApplicationModel.Resources\Windows.ApplicationModel.Resources.csproj", "{C3F10303-F2DF-4717-A57E-09890B60AF19}"
EndProject
Project("{FAE04EC0-301F-11D3-BF4B-00C04F79EFBC}") = "Windows.ApplicationModel.Resources.Core", "Windows.ApplicationModel.Resources.Core\Windows.ApplicationModel.Resources.Core.csproj", "{1CFCEB1D-4166-47BE-A02C-39DAA61263DD}"
EndProject
Project("{FAE04EC0-301F-11D3-BF4B-00C04F79EFBC}") = "Windows.ApplicationModel.Search", "Windows.ApplicationModel.Search\Windows.ApplicationModel.Search.csproj", "{C12E87E0-2256-4E1C-B3E4-538373E88104}"
EndProject
Project("{FAE04EC0-301F-11D3-BF4B-00C04F79EFBC}") = "Windows.ApplicationModel.Store", "Windows.ApplicationModel.Store\Windows.ApplicationModel.Store.csproj", "{A949324E-0560-42F8-9099-F83FFE2F7D9E}"
EndProject
Project("{FAE04EC0-301F-11D3-BF4B-00C04F79EFBC}") = "Windows.Data.Html", "Windows.Data.Html\Windows.Data.Html.csproj", "{E4FE708E-14BC-4ED8-B31A-EAED40FC2220}"
EndProject
Project("{FAE04EC0-301F-11D3-BF4B-00C04F79EFBC}") = "Windows.Data.Json", "Windows.Data.Json\Windows.Data.Json.csproj", "{B4965D34-AA06-4EF7-978E-2A15848A0C0E}"
EndProject
Project("{FAE04EC0-301F-11D3-BF4B-00C04F79EFBC}") = "Windows.Data.Xml.Dom", "Windows.Data.Xml.Dom\Windows.Data.Xml.Dom.csproj", "{E6756B9E-E6BB-403E-B557-28EE95D09F1A}"
EndProject
Project("{FAE04EC0-301F-11D3-BF4B-00C04F79EFBC}") = "Windows.Data.Xml.Xsl", "Windows.Data.Xml.Xsl\Windows.Data.Xml.Xsl.csproj", "{7E82D2B2-6B16-42D2-A2DA-2DDDCB7E5096}"
EndProject
Project("{FAE04EC0-301F-11D3-BF4B-00C04F79EFBC}") = "Windows.Devices.Enumeration", "Windows.Devices.Enumeration\Windows.Devices.Enumeration.csproj", "{EC99E6D7-B8AD-4D9C-A015-46096CB42CB2}"
EndProject
Project("{FAE04EC0-301F-11D3-BF4B-00C04F79EFBC}") = "Windows.Devices.Enumeration.Pnp", "Windows.Devices.Enumeration.Pnp\Windows.Devices.Enumeration.Pnp.csproj", "{71A1D8FC-3E9C-4A54-964B-4B7F3D27E884}"
EndProject
Project("{FAE04EC0-301F-11D3-BF4B-00C04F79EFBC}") = "Windows.Devices.Geolocation", "Windows.Devices.Geolocation\Windows.Devices.Geolocation.csproj", "{BF6F4370-CEB3-4475-AA08-139665A0554E}"
EndProject
Project("{FAE04EC0-301F-11D3-BF4B-00C04F79EFBC}") = "Windows.Devices.Input", "Windows.Devices.Input\Windows.Devices.Input.csproj", "{863536DF-B75D-4EFC-AA7B-ED1BAA20B61D}"
EndProject
Project("{FAE04EC0-301F-11D3-BF4B-00C04F79EFBC}") = "Windows.Devices.Portable", "Windows.Devices.Portable\Windows.Devices.Portable.csproj", "{AC6DAFBE-5720-4AA1-A8B5-0F6C764153E2}"
EndProject
Project("{FAE04EC0-301F-11D3-BF4B-00C04F79EFBC}") = "Windows.Devices.Printers.Extensions", "Windows.Devices.Printers.Extensions\Windows.Devices.Printers.Extensions.csproj", "{D96D85A8-56B6-4AC5-BA55-129C488626A1}"
EndProject
Project("{FAE04EC0-301F-11D3-BF4B-00C04F79EFBC}") = "Windows.Devices.Sensors", "Windows.Devices.Sensors\Windows.Devices.Sensors.csproj", "{A852C8C4-DDA7-49BD-BC1B-9DB682FFF137}"
EndProject
Project("{FAE04EC0-301F-11D3-BF4B-00C04F79EFBC}") = "Windows.Devices.Sms", "Windows.Devices.Sms\Windows.Devices.Sms.csproj", "{4D784377-AB0E-4A9D-9603-5C28C69EEE1A}"
EndProject
Project("{FAE04EC0-301F-11D3-BF4B-00C04F79EFBC}") = "Windows.Foundation", "Windows.Foundation\Windows.Foundation.csproj", "{A01E3C33-7085-4923-85A9-514E1191F38F}"
EndProject
Project("{FAE04EC0-301F-11D3-BF4B-00C04F79EFBC}") = "Windows.Globalization", "Windows.Globalization\Windows.Globalization.csproj", "{4095BF6E-5BE4-4ADC-965B-C81140EE2B01}"
EndProject
Project("{FAE04EC0-301F-11D3-BF4B-00C04F79EFBC}") = "Windows.Globalization.Collation", "Windows.Globalization.Collation\Windows.Globalization.Collation.csproj", "{C75C944E-821B-4BD7-990E-8DBE92EFB58E}"
EndProject
Project("{FAE04EC0-301F-11D3-BF4B-00C04F79EFBC}") = "Windows.Globalization.DateTimeFormatting", "Windows.Globalization.DateTimeFormatting\Windows.Globalization.DateTimeFormatting.csproj", "{77FB1124-D387-47E1-A99C-32ABF4ED2CBE}"
EndProject
Project("{FAE04EC0-301F-11D3-BF4B-00C04F79EFBC}") = "Windows.Globalization.Fonts", "Windows.Globalization.Fonts\Windows.Globalization.Fonts.csproj", "{7D22CE0B-730B-4E4A-9321-EFB481D3633F}"
EndProject
Project("{FAE04EC0-301F-11D3-BF4B-00C04F79EFBC}") = "Windows.Globalization.NumberFormatting", "Windows.Globalization.NumberFormatting\Windows.Globalization.NumberFormatting.csproj", "{FD41FAA4-4707-4C99-BAEB-B89526A6B8D7}"
EndProject
Project("{FAE04EC0-301F-11D3-BF4B-00C04F79EFBC}") = "Windows.Graphics.Display", "Windows.Graphics.Display\Windows.Graphics.Display.csproj", "{ABCFFA7B-EA6F-4FF6-A9F8-2F1B01D4E6C2}"
EndProject
Project("{FAE04EC0-301F-11D3-BF4B-00C04F79EFBC}") = "Windows.Graphics.Imaging", "Windows.Graphics.Imaging\Windows.Graphics.Imaging.csproj", "{EB09F451-6223-45ED-93DE-967B664E6818}"
EndProject
Project("{FAE04EC0-301F-11D3-BF4B-00C04F79EFBC}") = "Windows.Graphics.Printing", "Windows.Graphics.Printing\Windows.Graphics.Printing.csproj", "{1665F0D3-A880-49FD-A40E-13D1318B5D62}"
EndProject
Project("{FAE04EC0-301F-11D3-BF4B-00C04F79EFBC}") = "Windows.Graphics.Printing.OptionDetails", "Windows.Graphics.Printing.OptionDetails\Windows.Graphics.Printing.OptionDetails.csproj", "{C7B7FD9F-01CD-44D9-9F69-B48C32569F4B}"
EndProject
Project("{FAE04EC0-301F-11D3-BF4B-00C04F79EFBC}") = "Windows.Management.Core", "Windows.Management.Core\Windows.Management.Core.csproj", "{A59616C0-88FE-4239-8D09-F508D0565555}"
EndProject
Project("{FAE04EC0-301F-11D3-BF4B-00C04F79EFBC}") = "Windows.Management.Deployment", "Windows.Management.Deployment\Windows.Management.Deployment.csproj", "{F15171DA-D00E-422C-B4EE-080EE6345487}"
EndProject
Project("{FAE04EC0-301F-11D3-BF4B-00C04F79EFBC}") = "Windows.Media", "Windows.Media\Windows.Media.csproj", "{4F8100A0-CDBE-42AC-BDB7-FC12406249F3}"
EndProject
Project("{FAE04EC0-301F-11D3-BF4B-00C04F79EFBC}") = "Windows.Media.Capture", "Windows.Media.Capture\Windows.Media.Capture.csproj", "{B1A61326-306B-412C-84DE-A5EBDFF0C633}"
EndProject
Project("{FAE04EC0-301F-11D3-BF4B-00C04F79EFBC}") = "Windows.Media.Devices", "Windows.Media.Devices\Windows.Media.Devices.csproj", "{5ABB01F9-60AA-4B88-A67D-E52AAD2F2E94}"
EndProject
Project("{FAE04EC0-301F-11D3-BF4B-00C04F79EFBC}") = "Windows.Media.MediaProperties", "Windows.Media.MediaProperties\Windows.Media.MediaProperties.csproj", "{0EA42E81-6087-43BA-B14D-DFF7EEBDF7A9}"
EndProject
Project("{FAE04EC0-301F-11D3-BF4B-00C04F79EFBC}") = "Windows.Media.Playlists", "Windows.Media.Playlists\Windows.Media.Playlists.csproj", "{63A6C14D-00F8-4B05-AEA7-7EACED051784}"
EndProject
Project("{FAE04EC0-301F-11D3-BF4B-00C04F79EFBC}") = "Windows.Media.PlayTo", "Windows.Media.PlayTo\Windows.Media.PlayTo.csproj", "{5FAB4EBA-72FB-46FD-AF9A-71ECE84C0B7E}"
EndProject
Project("{FAE04EC0-301F-11D3-BF4B-00C04F79EFBC}") = "Windows.Media.Protection", "Windows.Media.Protection\Windows.Media.Protection.csproj", "{DD2A47D4-196A-407E-9060-5AB2EC67557B}"
EndProject
Project("{FAE04EC0-301F-11D3-BF4B-00C04F79EFBC}") = "Windows.Media.Transcoding", "Windows.Media.Transcoding\Windows.Media.Transcoding.csproj", "{CB485EA6-EF4F-42F1-A077-3015999D78F4}"
EndProject
Project("{FAE04EC0-301F-11D3-BF4B-00C04F79EFBC}") = "Windows.Networking", "Windows.Networking\Windows.Networking.csproj", "{A02E63F5-73AC-4B1C-AD87-5BF05382F60C}"
EndProject
Project("{FAE04EC0-301F-11D3-BF4B-00C04F79EFBC}") = "Windows.Networking.BackgroundTransfer", "Windows.Networking.BackgroundTransfer\Windows.Networking.BackgroundTransfer.csproj", "{6A0534F9-1EBE-435D-AFED-2BC2F1FB2596}"
EndProject
Project("{FAE04EC0-301F-11D3-BF4B-00C04F79EFBC}") = "Windows.Networking.Connectivity", "Windows.Networking.Connectivity\Windows.Networking.Connectivity.csproj", "{B3428D3D-8646-4201-A041-10FED315CF93}"
EndProject
Project("{FAE04EC0-301F-11D3-BF4B-00C04F79EFBC}") = "Windows.Networking.Proximity", "Windows.Networking.Proximity\Windows.Networking.Proximity.csproj", "{BBDA5759-4C23-4CC8-BE4A-7AB6220FA8E7}"
EndProject
Project("{FAE04EC0-301F-11D3-BF4B-00C04F79EFBC}") = "Windows.Networking.NetworkOperators", "Windows.Networking.NetworkOperators\Windows.Networking.NetworkOperators.csproj", "{78717F90-7FFC-436B-BAE0-6D8CC24B8C11}"
EndProject
Project("{FAE04EC0-301F-11D3-BF4B-00C04F79EFBC}") = "Windows.Networking.PushNotifications", "Windows.Networking.PushNotifications\Windows.Networking.PushNotifications.csproj", "{5259A826-0823-4D77-B3CC-B53A78C6C6FB}"
EndProject
Project("{FAE04EC0-301F-11D3-BF4B-00C04F79EFBC}") = "Windows.Networking.Sockets", "Windows.Networking.Sockets\Windows.Networking.Sockets.csproj", "{274E8CF1-3F6B-4607-96A7-F0D517BC7500}"
EndProject
Project("{FAE04EC0-301F-11D3-BF4B-00C04F79EFBC}") = "Windows.Security.Authentication.OnlineId", "Windows.Security.Authentication.OnlineId\Windows.Security.Authentication.OnlineId.csproj", "{6619F177-B399-402A-8C54-1D5D2F9B8114}"
EndProject
Project("{FAE04EC0-301F-11D3-BF4B-00C04F79EFBC}") = "Windows.Security.Authentication.Web", "Windows.Security.Authentication.Web\Windows.Security.Authentication.Web.csproj", "{5521278C-F5DD-4756-9068-AB2FD1C0C768}"
EndProject
Project("{FAE04EC0-301F-11D3-BF4B-00C04F79EFBC}") = "Windows.Security.Credentials", "Windows.Security.Credentials\Windows.Security.Credentials.csproj", "{7D16C0F0-75C9-4843-8DDA-66FEB93F25F2}"
EndProject
Project("{FAE04EC0-301F-11D3-BF4B-00C04F79EFBC}") = "Windows.Security.Credentials.UI", "Windows.Security.Credentials.UI\Windows.Security.Credentials.UI.csproj", "{3831AA2F-E7AE-4076-B5A2-2FFA38642BF7}"
EndProject
Project("{FAE04EC0-301F-11D3-BF4B-00C04F79EFBC}") = "Windows.Security.Cryptography.Certificates", "Windows.Security.Cryptography.Certificates\Windows.Security.Cryptography.Certificates.csproj", "{3EAD3098-613C-40C8-8F92-F13730559528}"
EndProject
Project("{FAE04EC0-301F-11D3-BF4B-00C04F79EFBC}") = "Windows.Security.Cryptography", "Windows.Security.Cryptography\Windows.Security.Cryptography.csproj", "{7B32E1B5-A15E-44E1-AE05-F2CED45A29D9}"
EndProject
Project("{FAE04EC0-301F-11D3-BF4B-00C04F79EFBC}") = "Windows.Security.Cryptography.Core", "Windows.Security.Cryptography.Core\Windows.Security.Cryptography.Core.csproj", "{A2653563-6C73-4390-BA81-DB9A2458D7A1}"
EndProject
Project("{FAE04EC0-301F-11D3-BF4B-00C04F79EFBC}") = "Windows.Security.Cryptography.DataProtection", "Windows.Security.Cryptography.DataProtection\Windows.Security.Cryptography.DataProtection.csproj", "{0E92ABDF-0F55-48EC-B835-FBF0BFC21B94}"
EndProject
Project("{FAE04EC0-301F-11D3-BF4B-00C04F79EFBC}") = "Windows.Storage", "Windows.Storage\Windows.Storage.csproj", "{54FDEF4C-AD39-418B-89AF-768BEDF49D06}"
EndProject
Project("{FAE04EC0-301F-11D3-BF4B-00C04F79EFBC}") = "Windows.Storage.AccessCache", "Windows.Storage.AccessCache\Windows.Storage.AccessCache.csproj", "{E35A600B-B56F-4E70-A32F-81D1A3CF9B84}"
EndProject
Project("{FAE04EC0-301F-11D3-BF4B-00C04F79EFBC}") = "Windows.Storage.BulkAccess", "Windows.Storage.BulkAccess\Windows.Storage.BulkAccess.csproj", "{70AFB9DA-97DE-44E4-A104-52EE7C1F2665}"
EndProject
Project("{FAE04EC0-301F-11D3-BF4B-00C04F79EFBC}") = "Windows.Storage.Compression", "Windows.Storage.Compression\Windows.Storage.Compression.csproj", "{FE9AD9A6-9D9B-4C49-9FEA-519929452E8E}"
EndProject
Project("{FAE04EC0-301F-11D3-BF4B-00C04F79EFBC}") = "Windows.Storage.FileProperties", "Windows.Storage.FileProperties\Windows.Storage.FileProperties.csproj", "{557F93D0-CD62-4CDA-8D86-BD4F508B4B08}"
EndProject
Project("{FAE04EC0-301F-11D3-BF4B-00C04F79EFBC}") = "Windows.Storage.Pickers", "Windows.Storage.Pickers\Windows.Storage.Pickers.csproj", "{953BE5A0-8597-4EDC-BFDB-3807E8758D1C}"
EndProject
Project("{FAE04EC0-301F-11D3-BF4B-00C04F79EFBC}") = "Windows.Storage.Pickers.Provider", "Windows.Storage.Pickers.Provider\Windows.Storage.Pickers.Provider.csproj", "{02F2E1A6-E8FE-4618-9479-90D70E7F7D8C}"
EndProject
Project("{FAE04EC0-301F-11D3-BF4B-00C04F79EFBC}") = "Windows.Storage.Provider", "Windows.Storage.Provider\Windows.Storage.Provider.csproj", "{74CC9DFE-54E8-49A2-8EA1-DF47F35A413E}"
EndProject
Project("{FAE04EC0-301F-11D3-BF4B-00C04F79EFBC}") = "Windows.Storage.Search", "Windows.Storage.Search\Windows.Storage.Search.csproj", "{2472C36E-2BAB-4254-AD18-4AE54242AE0F}"
EndProject
Project("{FAE04EC0-301F-11D3-BF4B-00C04F79EFBC}") = "Windows.Storage.Streams", "Windows.Storage.Streams\Windows.Storage.Streams.csproj", "{C1A57B68-42F7-4223-AD00-F4CEFFF8A1B5}"
EndProject
Project("{FAE04EC0-301F-11D3-BF4B-00C04F79EFBC}") = "Windows.System", "Windows.System\Windows.System.csproj", "{191D24DF-B95C-4C7E-ABBB-B4039062B854}"
EndProject
Project("{FAE04EC0-301F-11D3-BF4B-00C04F79EFBC}") = "Windows.System.Display", "Windows.System.Display\Windows.System.Display.csproj", "{992E1101-F783-4E65-A7DF-FE09D38A2BB7}"
EndProject
Project("{FAE04EC0-301F-11D3-BF4B-00C04F79EFBC}") = "Windows.System.RemoteDesktop", "Windows.System.RemoteDesktop\Windows.System.RemoteDesktop.csproj", "{88CF5552-9CDC-4B8C-B695-6B3D56A14942}"
EndProject
Project("{FAE04EC0-301F-11D3-BF4B-00C04F79EFBC}") = "Windows.UI", "Windows.UI\Windows.UI.csproj", "{3BDA798D-CE55-4102-93F3-556165F69708}"
EndProject
Project("{FAE04EC0-301F-11D3-BF4B-00C04F79EFBC}") = "Windows.System.Threading", "Windows.System.Threading\Windows.System.Threading.csproj", "{58CD9098-5236-4C0F-8EA0-203E555B93D8}"
EndProject
Project("{FAE04EC0-301F-11D3-BF4B-00C04F79EFBC}") = "Windows.System.UserProfile", "Windows.System.UserProfile\Windows.System.UserProfile.csproj", "{9380709E-55B8-4A67-AE1A-CCB298E95ECD}"
EndProject
Project("{FAE04EC0-301F-11D3-BF4B-00C04F79EFBC}") = "Windows.UI.ApplicationSettings", "Windows.UI.ApplicationSettings\Windows.UI.ApplicationSettings.csproj", "{55FD614A-451D-4E2B-99B7-079C55B02D79}"
EndProject
Project("{FAE04EC0-301F-11D3-BF4B-00C04F79EFBC}") = "Windows.UI.Core", "Windows.UI.Core\Windows.UI.Core.csproj", "{308DF94C-FA54-440A-86BB-19DF2C25B713}"
EndProject
Project("{FAE04EC0-301F-11D3-BF4B-00C04F79EFBC}") = "Windows.UI.Core.AnimationMetrics", "Windows.UI.Core.AnimationMetrics\Windows.UI.Core.AnimationMetrics.csproj", "{5A8ED8D5-07DA-44A8-AD25-67C7D2724466}"
EndProject
Project("{FAE04EC0-301F-11D3-BF4B-00C04F79EFBC}") = "Windows.UI.Input", "Windows.UI.Input\Windows.UI.Input.csproj", "{7DA2995D-E0D8-45D5-BB4C-47AF5BC8C275}"
EndProject
Project("{FAE04EC0-301F-11D3-BF4B-00C04F79EFBC}") = "Windows.UI.Input.Inking", "Windows.UI.Input.Inking\Windows.UI.Input.Inking.csproj", "{9AA79E3C-0C2C-4BB9-A6C5-3CF2B6AE3374}"
EndProject
Project("{FAE04EC0-301F-11D3-BF4B-00C04F79EFBC}") = "Windows.UI.Notifications", "Windows.UI.Notifications\Windows.UI.Notifications.csproj", "{DB24CFC6-7D6E-4D78-8418-44C9910E8C68}"
EndProject
Project("{FAE04EC0-301F-11D3-BF4B-00C04F79EFBC}") = "Windows.UI.Popups", "Windows.UI.Popups\Windows.UI.Popups.csproj", "{EE2A3C7F-3F1D-4409-9012-06D233EC32D2}"
EndProject
Project("{FAE04EC0-301F-11D3-BF4B-00C04F79EFBC}") = "Windows.UI.StartScreen", "Windows.UI.StartScreen\Windows.UI.StartScreen.csproj", "{10C2F6E7-3E59-4A5E-818E-DF976B4B4192}"
EndProject
Project("{FAE04EC0-301F-11D3-BF4B-00C04F79EFBC}") = "Windows.UI.Text", "Windows.UI.Text\Windows.UI.Text.csproj", "{9ED42173-D3E4-4F71-B20D-123E216EABA4}"
EndProject
Project("{FAE04EC0-301F-11D3-BF4B-00C04F79EFBC}") = "Windows.UI.ViewManagement", "Windows.UI.ViewManagement\Windows.UI.ViewManagement.csproj", "{4E476E7C-5519-4351-87A5-40F8FD969861}"
EndProject
Project("{FAE04EC0-301F-11D3-BF4B-00C04F79EFBC}") = "Windows.UI.WebUI", "Windows.UI.WebUI\Windows.UI.WebUI.csproj", "{FDC01541-48D2-4F53-AD2E-528F2341987D}"
EndProject
Project("{FAE04EC0-301F-11D3-BF4B-00C04F79EFBC}") = "Windows.UI.Xaml", "Windows.UI.Xaml\Windows.UI.Xaml.csproj", "{F9150B8A-015D-44D2-912D-BD59660E69AF}"
EndProject
Project("{FAE04EC0-301F-11D3-BF4B-00C04F79EFBC}") = "Windows.UI.Xaml.Automation", "Windows.UI.Xaml.Automation\Windows.UI.Xaml.Automation.csproj", "{6A9739C3-210A-45FA-813A-7C26B4229FBD}"
EndProject
Project("{FAE04EC0-301F-11D3-BF4B-00C04F79EFBC}") = "Windows.UI.Xaml.Automation.Peers", "Windows.UI.Xaml.Automation.Peers\Windows.UI.Xaml.Automation.Peers.csproj", "{017A260A-E8CC-4237-95AA-F0DAC1802D9A}"
EndProject
Project("{FAE04EC0-301F-11D3-BF4B-00C04F79EFBC}") = "Windows.UI.Xaml.Automation.Provider", "Windows.UI.Xaml.Automation.Provider\Windows.UI.Xaml.Automation.Provider.csproj", "{046BDC2B-E3DF-4C1C-818A-C37BFA4CC605}"
EndProject
Project("{FAE04EC0-301F-11D3-BF4B-00C04F79EFBC}") = "Windows.UI.Xaml.Automation.Text", "Windows.UI.Xaml.Automation.Text\Windows.UI.Xaml.Automation.Text.csproj", "{E847E45E-D9C4-46A0-833F-0510743C0C10}"
EndProject
Project("{FAE04EC0-301F-11D3-BF4B-00C04F79EFBC}") = "Windows.UI.Xaml.Controls", "Windows.UI.Xaml.Controls\Windows.UI.Xaml.Controls.csproj", "{7A07E344-E1FD-456C-9E8B-97C04FC4D325}"
EndProject
Project("{FAE04EC0-301F-11D3-BF4B-00C04F79EFBC}") = "Windows.UI.Xaml.Controls.Primitives", "Windows.UI.Xaml.Controls.Primitives\Windows.UI.Xaml.Controls.Primitives.csproj", "{EB30D5E7-A63C-4A6F-8052-D9625E5F290D}"
EndProject
Project("{FAE04EC0-301F-11D3-BF4B-00C04F79EFBC}") = "Windows.UI.Xaml.Data", "Windows.UI.Xaml.Data\Windows.UI.Xaml.Data.csproj", "{9CADEE98-CDAC-4DAC-AD83-57BF6241E8C0}"
EndProject
Project("{FAE04EC0-301F-11D3-BF4B-00C04F79EFBC}") = "Windows.UI.Xaml.Documents", "Windows.UI.Xaml.Documents\Windows.UI.Xaml.Documents.csproj", "{80B8BBD1-FD01-4773-A5DA-215AF60D0FB5}"
EndProject
Project("{FAE04EC0-301F-11D3-BF4B-00C04F79EFBC}") = "Windows.UI.Xaml.Hosting", "Windows.UI.Xaml.Hosting\Windows.UI.Xaml.Hosting.csproj", "{FFCA2A4D-81B9-48B8-AA07-BFD48BCC01FD}"
EndProject
Project("{FAE04EC0-301F-11D3-BF4B-00C04F79EFBC}") = "Windows.UI.Xaml.Input", "Windows.UI.Xaml.Input\Windows.UI.Xaml.Input.csproj", "{A05CE340-4A2F-409A-AFC4-78C0FC478872}"
EndProject
Project("{FAE04EC0-301F-11D3-BF4B-00C04F79EFBC}") = "Windows.UI.Xaml.Interop", "Windows.UI.Xaml.Interop\Windows.UI.Xaml.Interop.csproj", "{CA506C0C-F570-4BC4-AFF6-0B4969D291AE}"
EndProject
Project("{FAE04EC0-301F-11D3-BF4B-00C04F79EFBC}") = "Windows.UI.Xaml.Media", "Windows.UI.Xaml.Media\Windows.UI.Xaml.Media.csproj", "{DDD73330-2E16-4D60-BB52-F76CB199C502}"
EndProject
Project("{FAE04EC0-301F-11D3-BF4B-00C04F79EFBC}") = "Windows.UI.Xaml.Markup", "Windows.UI.Xaml.Markup\Windows.UI.Xaml.Markup.csproj", "{B2A14F82-B11F-4346-9EE7-AA0BE2A13FB4}"
EndProject
Project("{FAE04EC0-301F-11D3-BF4B-00C04F79EFBC}") = "Windows.UI.Xaml.Media.Animation", "Windows.UI.Xaml.Media.Animation\Windows.UI.Xaml.Media.Animation.csproj", "{8F575B50-9CE1-4140-8FF4-E1AD9C78FAC6}"
EndProject
Project("{FAE04EC0-301F-11D3-BF4B-00C04F79EFBC}") = "Windows.UI.Xaml.Media.Imaging", "Windows.UI.Xaml.Media.Imaging\Windows.UI.Xaml.Media.Imaging.csproj", "{6CA94EAA-988F-4B7E-BE34-340ECFA8F590}"
EndProject
Project("{FAE04EC0-301F-11D3-BF4B-00C04F79EFBC}") = "Windows.UI.Xaml.Media.Media3D", "Windows.UI.Xaml.Media.Media3D\Windows.UI.Xaml.Media.Media3D.csproj", "{FC484165-5A83-41C5-81B7-2AD9CDF03548}"
EndProject
Project("{FAE04EC0-301F-11D3-BF4B-00C04F79EFBC}") = "Windows.UI.Xaml.Navigation", "Windows.UI.Xaml.Navigation\Windows.UI.Xaml.Navigation.csproj", "{7B1B31FC-2C87-428E-BE9C-A5BCC1D2D6B5}"
EndProject
Project("{FAE04EC0-301F-11D3-BF4B-00C04F79EFBC}") = "Windows.UI.Xaml.Printing", "Windows.UI.Xaml.Printing\Windows.UI.Xaml.Printing.csproj", "{E4154725-A649-43FD-BDAA-6A7926D42767}"
EndProject
Project("{FAE04EC0-301F-11D3-BF4B-00C04F79EFBC}") = "Windows.UI.Xaml.Resources", "Windows.UI.Xaml.Resources\Windows.UI.Xaml.Resources.csproj", "{0948DC84-1C0D-4960-BBA5-5438B69C2E62}"
EndProject
Project("{FAE04EC0-301F-11D3-BF4B-00C04F79EFBC}") = "Windows.UI.Xaml.Shapes", "Windows.UI.Xaml.Shapes\Windows.UI.Xaml.Shapes.csproj", "{59FABCEB-B906-44E2-ACCD-2C67BBF03E0E}"
EndProject
Project("{FAE04EC0-301F-11D3-BF4B-00C04F79EFBC}") = "Windows.Web", "Windows.Web\Windows.Web.csproj", "{3634C30B-FBC8-4C24-BF8C-58C7F3293A54}"
EndProject
Project("{FAE04EC0-301F-11D3-BF4B-00C04F79EFBC}") = "Windows.Web.Syndication", "Windows.Web.Syndication\Windows.Web.Syndication.csproj", "{F1226DC9-5CFD-43DF-B812-A2DB6B888299}"
EndProject
Project("{FAE04EC0-301F-11D3-BF4B-00C04F79EFBC}") = "Windows.Web.AtomPub", "Windows.Web.AtomPub\Windows.Web.AtomPub.csproj", "{4865FB44-D199-4770-867D-106A3CC7BE29}"
EndProject
Global
	GlobalSection(SolutionConfigurationPlatforms) = preSolution
		Debug|x86 = Debug|x86
		Release|x86 = Release|x86
	EndGlobalSection
	GlobalSection(ProjectConfigurationPlatforms) = postSolution
		{017A260A-E8CC-4237-95AA-F0DAC1802D9A}.Debug|x86.ActiveCfg = Debug|x86
		{017A260A-E8CC-4237-95AA-F0DAC1802D9A}.Debug|x86.Build.0 = Debug|x86
		{017A260A-E8CC-4237-95AA-F0DAC1802D9A}.Release|x86.ActiveCfg = Release|x86
		{017A260A-E8CC-4237-95AA-F0DAC1802D9A}.Release|x86.Build.0 = Release|x86
		{02F2E1A6-E8FE-4618-9479-90D70E7F7D8C}.Debug|x86.ActiveCfg = Debug|x86
		{02F2E1A6-E8FE-4618-9479-90D70E7F7D8C}.Debug|x86.Build.0 = Debug|x86
		{02F2E1A6-E8FE-4618-9479-90D70E7F7D8C}.Release|x86.ActiveCfg = Release|x86
		{02F2E1A6-E8FE-4618-9479-90D70E7F7D8C}.Release|x86.Build.0 = Release|x86
		{046BDC2B-E3DF-4C1C-818A-C37BFA4CC605}.Debug|x86.ActiveCfg = Debug|x86
		{046BDC2B-E3DF-4C1C-818A-C37BFA4CC605}.Debug|x86.Build.0 = Debug|x86
		{046BDC2B-E3DF-4C1C-818A-C37BFA4CC605}.Release|x86.ActiveCfg = Release|x86
		{046BDC2B-E3DF-4C1C-818A-C37BFA4CC605}.Release|x86.Build.0 = Release|x86
		{0948DC84-1C0D-4960-BBA5-5438B69C2E62}.Debug|x86.ActiveCfg = Debug|x86
		{0948DC84-1C0D-4960-BBA5-5438B69C2E62}.Debug|x86.Build.0 = Debug|x86
		{0948DC84-1C0D-4960-BBA5-5438B69C2E62}.Release|x86.ActiveCfg = Release|x86
		{0948DC84-1C0D-4960-BBA5-5438B69C2E62}.Release|x86.Build.0 = Release|x86
		{0E92ABDF-0F55-48EC-B835-FBF0BFC21B94}.Debug|x86.ActiveCfg = Debug|x86
		{0E92ABDF-0F55-48EC-B835-FBF0BFC21B94}.Debug|x86.Build.0 = Debug|x86
		{0E92ABDF-0F55-48EC-B835-FBF0BFC21B94}.Release|x86.ActiveCfg = Release|x86
		{0E92ABDF-0F55-48EC-B835-FBF0BFC21B94}.Release|x86.Build.0 = Release|x86
		{0EA42E81-6087-43BA-B14D-DFF7EEBDF7A9}.Debug|x86.ActiveCfg = Debug|x86
		{0EA42E81-6087-43BA-B14D-DFF7EEBDF7A9}.Debug|x86.Build.0 = Debug|x86
		{0EA42E81-6087-43BA-B14D-DFF7EEBDF7A9}.Release|x86.ActiveCfg = Release|x86
		{0EA42E81-6087-43BA-B14D-DFF7EEBDF7A9}.Release|x86.Build.0 = Release|x86
		{10C2F6E7-3E59-4A5E-818E-DF976B4B4192}.Debug|x86.ActiveCfg = Debug|x86
		{10C2F6E7-3E59-4A5E-818E-DF976B4B4192}.Debug|x86.Build.0 = Debug|x86
		{10C2F6E7-3E59-4A5E-818E-DF976B4B4192}.Release|x86.ActiveCfg = Release|x86
		{10C2F6E7-3E59-4A5E-818E-DF976B4B4192}.Release|x86.Build.0 = Release|x86
		{1665F0D3-A880-49FD-A40E-13D1318B5D62}.Debug|x86.ActiveCfg = Debug|x86
		{1665F0D3-A880-49FD-A40E-13D1318B5D62}.Debug|x86.Build.0 = Debug|x86
		{1665F0D3-A880-49FD-A40E-13D1318B5D62}.Release|x86.ActiveCfg = Release|x86
		{1665F0D3-A880-49FD-A40E-13D1318B5D62}.Release|x86.Build.0 = Release|x86
		{191D24DF-B95C-4C7E-ABBB-B4039062B854}.Debug|x86.ActiveCfg = Debug|x86
		{191D24DF-B95C-4C7E-ABBB-B4039062B854}.Debug|x86.Build.0 = Debug|x86
		{191D24DF-B95C-4C7E-ABBB-B4039062B854}.Release|x86.ActiveCfg = Release|x86
		{191D24DF-B95C-4C7E-ABBB-B4039062B854}.Release|x86.Build.0 = Release|x86
		{1A0F5A27-BDD1-4BAD-AFE1-FF0B7883ACC9}.Debug|x86.ActiveCfg = Debug|x86
		{1A0F5A27-BDD1-4BAD-AFE1-FF0B7883ACC9}.Debug|x86.Build.0 = Debug|x86
		{1A0F5A27-BDD1-4BAD-AFE1-FF0B7883ACC9}.Release|x86.ActiveCfg = Release|x86
		{1A0F5A27-BDD1-4BAD-AFE1-FF0B7883ACC9}.Release|x86.Build.0 = Release|x86
		{1CFCEB1D-4166-47BE-A02C-39DAA61263DD}.Debug|x86.ActiveCfg = Debug|x86
		{1CFCEB1D-4166-47BE-A02C-39DAA61263DD}.Debug|x86.Build.0 = Debug|x86
		{1CFCEB1D-4166-47BE-A02C-39DAA61263DD}.Release|x86.ActiveCfg = Release|x86
		{1CFCEB1D-4166-47BE-A02C-39DAA61263DD}.Release|x86.Build.0 = Release|x86
		{2472C36E-2BAB-4254-AD18-4AE54242AE0F}.Debug|x86.ActiveCfg = Debug|x86
		{2472C36E-2BAB-4254-AD18-4AE54242AE0F}.Debug|x86.Build.0 = Debug|x86
		{2472C36E-2BAB-4254-AD18-4AE54242AE0F}.Release|x86.ActiveCfg = Release|x86
		{2472C36E-2BAB-4254-AD18-4AE54242AE0F}.Release|x86.Build.0 = Release|x86
		{274E8CF1-3F6B-4607-96A7-F0D517BC7500}.Debug|x86.ActiveCfg = Debug|x86
		{274E8CF1-3F6B-4607-96A7-F0D517BC7500}.Debug|x86.Build.0 = Debug|x86
		{274E8CF1-3F6B-4607-96A7-F0D517BC7500}.Release|x86.ActiveCfg = Release|x86
		{274E8CF1-3F6B-4607-96A7-F0D517BC7500}.Release|x86.Build.0 = Release|x86
		{2DEE9007-9531-46FC-83DE-D551BE69D806}.Debug|x86.ActiveCfg = Debug|x86
		{2DEE9007-9531-46FC-83DE-D551BE69D806}.Debug|x86.Build.0 = Debug|x86
		{2DEE9007-9531-46FC-83DE-D551BE69D806}.Release|x86.ActiveCfg = Release|x86
		{2DEE9007-9531-46FC-83DE-D551BE69D806}.Release|x86.Build.0 = Release|x86
		{308DF94C-FA54-440A-86BB-19DF2C25B713}.Debug|x86.ActiveCfg = Debug|x86
		{308DF94C-FA54-440A-86BB-19DF2C25B713}.Debug|x86.Build.0 = Debug|x86
		{308DF94C-FA54-440A-86BB-19DF2C25B713}.Release|x86.ActiveCfg = Release|x86
		{308DF94C-FA54-440A-86BB-19DF2C25B713}.Release|x86.Build.0 = Release|x86
		{3634C30B-FBC8-4C24-BF8C-58C7F3293A54}.Debug|x86.ActiveCfg = Debug|x86
		{3634C30B-FBC8-4C24-BF8C-58C7F3293A54}.Debug|x86.Build.0 = Debug|x86
		{3634C30B-FBC8-4C24-BF8C-58C7F3293A54}.Release|x86.ActiveCfg = Release|x86
		{3634C30B-FBC8-4C24-BF8C-58C7F3293A54}.Release|x86.Build.0 = Release|x86
		{3831AA2F-E7AE-4076-B5A2-2FFA38642BF7}.Debug|x86.ActiveCfg = Debug|x86
		{3831AA2F-E7AE-4076-B5A2-2FFA38642BF7}.Debug|x86.Build.0 = Debug|x86
		{3831AA2F-E7AE-4076-B5A2-2FFA38642BF7}.Release|x86.ActiveCfg = Release|x86
		{3831AA2F-E7AE-4076-B5A2-2FFA38642BF7}.Release|x86.Build.0 = Release|x86
		{3BDA798D-CE55-4102-93F3-556165F69708}.Debug|x86.ActiveCfg = Debug|x86
		{3BDA798D-CE55-4102-93F3-556165F69708}.Debug|x86.Build.0 = Debug|x86
		{3BDA798D-CE55-4102-93F3-556165F69708}.Release|x86.ActiveCfg = Release|x86
		{3BDA798D-CE55-4102-93F3-556165F69708}.Release|x86.Build.0 = Release|x86
		{3EAD3098-613C-40C8-8F92-F13730559528}.Debug|x86.ActiveCfg = Debug|x86
		{3EAD3098-613C-40C8-8F92-F13730559528}.Debug|x86.Build.0 = Debug|x86
		{3EAD3098-613C-40C8-8F92-F13730559528}.Release|x86.ActiveCfg = Release|x86
		{3EAD3098-613C-40C8-8F92-F13730559528}.Release|x86.Build.0 = Release|x86
		{4095BF6E-5BE4-4ADC-965B-C81140EE2B01}.Debug|x86.ActiveCfg = Debug|x86
		{4095BF6E-5BE4-4ADC-965B-C81140EE2B01}.Debug|x86.Build.0 = Debug|x86
		{4095BF6E-5BE4-4ADC-965B-C81140EE2B01}.Release|x86.ActiveCfg = Release|x86
		{4095BF6E-5BE4-4ADC-965B-C81140EE2B01}.Release|x86.Build.0 = Release|x86
		{4865FB44-D199-4770-867D-106A3CC7BE29}.Debug|x86.ActiveCfg = Debug|x86
		{4865FB44-D199-4770-867D-106A3CC7BE29}.Debug|x86.Build.0 = Debug|x86
		{4865FB44-D199-4770-867D-106A3CC7BE29}.Release|x86.ActiveCfg = Release|x86
		{4865FB44-D199-4770-867D-106A3CC7BE29}.Release|x86.Build.0 = Release|x86
		{4B8D69DD-7C7E-4310-8A9A-278D98208CE2}.Debug|x86.ActiveCfg = Debug|x86
		{4B8D69DD-7C7E-4310-8A9A-278D98208CE2}.Debug|x86.Build.0 = Debug|x86
		{4B8D69DD-7C7E-4310-8A9A-278D98208CE2}.Release|x86.ActiveCfg = Release|x86
		{4B8D69DD-7C7E-4310-8A9A-278D98208CE2}.Release|x86.Build.0 = Release|x86
		{4B9CB14A-E91F-48E4-BC9C-D279859C46BE}.Debug|x86.ActiveCfg = Debug|x86
		{4B9CB14A-E91F-48E4-BC9C-D279859C46BE}.Debug|x86.Build.0 = Debug|x86
		{4B9CB14A-E91F-48E4-BC9C-D279859C46BE}.Release|x86.ActiveCfg = Release|x86
		{4B9CB14A-E91F-48E4-BC9C-D279859C46BE}.Release|x86.Build.0 = Release|x86
		{4D784377-AB0E-4A9D-9603-5C28C69EEE1A}.Debug|x86.ActiveCfg = Debug|x86
		{4D784377-AB0E-4A9D-9603-5C28C69EEE1A}.Debug|x86.Build.0 = Debug|x86
		{4D784377-AB0E-4A9D-9603-5C28C69EEE1A}.Release|x86.ActiveCfg = Release|x86
		{4D784377-AB0E-4A9D-9603-5C28C69EEE1A}.Release|x86.Build.0 = Release|x86
		{4E476E7C-5519-4351-87A5-40F8FD969861}.Debug|x86.ActiveCfg = Debug|x86
		{4E476E7C-5519-4351-87A5-40F8FD969861}.Debug|x86.Build.0 = Debug|x86
		{4E476E7C-5519-4351-87A5-40F8FD969861}.Release|x86.ActiveCfg = Release|x86
		{4E476E7C-5519-4351-87A5-40F8FD969861}.Release|x86.Build.0 = Release|x86
		{4F8100A0-CDBE-42AC-BDB7-FC12406249F3}.Debug|x86.ActiveCfg = Debug|x86
		{4F8100A0-CDBE-42AC-BDB7-FC12406249F3}.Debug|x86.Build.0 = Debug|x86
		{4F8100A0-CDBE-42AC-BDB7-FC12406249F3}.Release|x86.ActiveCfg = Release|x86
		{4F8100A0-CDBE-42AC-BDB7-FC12406249F3}.Release|x86.Build.0 = Release|x86
		{5259A826-0823-4D77-B3CC-B53A78C6C6FB}.Debug|x86.ActiveCfg = Debug|x86
		{5259A826-0823-4D77-B3CC-B53A78C6C6FB}.Debug|x86.Build.0 = Debug|x86
		{5259A826-0823-4D77-B3CC-B53A78C6C6FB}.Release|x86.ActiveCfg = Release|x86
		{5259A826-0823-4D77-B3CC-B53A78C6C6FB}.Release|x86.Build.0 = Release|x86
		{54FDEF4C-AD39-418B-89AF-768BEDF49D06}.Debug|x86.ActiveCfg = Debug|x86
		{54FDEF4C-AD39-418B-89AF-768BEDF49D06}.Debug|x86.Build.0 = Debug|x86
		{54FDEF4C-AD39-418B-89AF-768BEDF49D06}.Release|x86.ActiveCfg = Release|x86
		{54FDEF4C-AD39-418B-89AF-768BEDF49D06}.Release|x86.Build.0 = Release|x86
		{5521278C-F5DD-4756-9068-AB2FD1C0C768}.Debug|x86.ActiveCfg = Debug|x86
		{5521278C-F5DD-4756-9068-AB2FD1C0C768}.Debug|x86.Build.0 = Debug|x86
		{5521278C-F5DD-4756-9068-AB2FD1C0C768}.Release|x86.ActiveCfg = Release|x86
		{5521278C-F5DD-4756-9068-AB2FD1C0C768}.Release|x86.Build.0 = Release|x86
		{557F93D0-CD62-4CDA-8D86-BD4F508B4B08}.Debug|x86.ActiveCfg = Debug|x86
		{557F93D0-CD62-4CDA-8D86-BD4F508B4B08}.Debug|x86.Build.0 = Debug|x86
		{557F93D0-CD62-4CDA-8D86-BD4F508B4B08}.Release|x86.ActiveCfg = Release|x86
		{557F93D0-CD62-4CDA-8D86-BD4F508B4B08}.Release|x86.Build.0 = Release|x86
		{55FD614A-451D-4E2B-99B7-079C55B02D79}.Debug|x86.ActiveCfg = Debug|x86
		{55FD614A-451D-4E2B-99B7-079C55B02D79}.Debug|x86.Build.0 = Debug|x86
		{55FD614A-451D-4E2B-99B7-079C55B02D79}.Release|x86.ActiveCfg = Release|x86
		{55FD614A-451D-4E2B-99B7-079C55B02D79}.Release|x86.Build.0 = Release|x86
		{58CD9098-5236-4C0F-8EA0-203E555B93D8}.Debug|x86.ActiveCfg = Debug|x86
		{58CD9098-5236-4C0F-8EA0-203E555B93D8}.Debug|x86.Build.0 = Debug|x86
		{58CD9098-5236-4C0F-8EA0-203E555B93D8}.Release|x86.ActiveCfg = Release|x86
		{58CD9098-5236-4C0F-8EA0-203E555B93D8}.Release|x86.Build.0 = Release|x86
		{59FABCEB-B906-44E2-ACCD-2C67BBF03E0E}.Debug|x86.ActiveCfg = Debug|x86
		{59FABCEB-B906-44E2-ACCD-2C67BBF03E0E}.Debug|x86.Build.0 = Debug|x86
		{59FABCEB-B906-44E2-ACCD-2C67BBF03E0E}.Release|x86.ActiveCfg = Release|x86
		{59FABCEB-B906-44E2-ACCD-2C67BBF03E0E}.Release|x86.Build.0 = Release|x86
		{5A8ED8D5-07DA-44A8-AD25-67C7D2724466}.Debug|x86.ActiveCfg = Debug|x86
		{5A8ED8D5-07DA-44A8-AD25-67C7D2724466}.Debug|x86.Build.0 = Debug|x86
		{5A8ED8D5-07DA-44A8-AD25-67C7D2724466}.Release|x86.ActiveCfg = Release|x86
		{5A8ED8D5-07DA-44A8-AD25-67C7D2724466}.Release|x86.Build.0 = Release|x86
		{5ABB01F9-60AA-4B88-A67D-E52AAD2F2E94}.Debug|x86.ActiveCfg = Debug|x86
		{5ABB01F9-60AA-4B88-A67D-E52AAD2F2E94}.Debug|x86.Build.0 = Debug|x86
		{5ABB01F9-60AA-4B88-A67D-E52AAD2F2E94}.Release|x86.ActiveCfg = Release|x86
		{5ABB01F9-60AA-4B88-A67D-E52AAD2F2E94}.Release|x86.Build.0 = Release|x86
		{5FAB4EBA-72FB-46FD-AF9A-71ECE84C0B7E}.Debug|x86.ActiveCfg = Debug|x86
		{5FAB4EBA-72FB-46FD-AF9A-71ECE84C0B7E}.Debug|x86.Build.0 = Debug|x86
		{5FAB4EBA-72FB-46FD-AF9A-71ECE84C0B7E}.Release|x86.ActiveCfg = Release|x86
		{5FAB4EBA-72FB-46FD-AF9A-71ECE84C0B7E}.Release|x86.Build.0 = Release|x86
		{63A6C14D-00F8-4B05-AEA7-7EACED051784}.Debug|x86.ActiveCfg = Debug|x86
		{63A6C14D-00F8-4B05-AEA7-7EACED051784}.Debug|x86.Build.0 = Debug|x86
		{63A6C14D-00F8-4B05-AEA7-7EACED051784}.Release|x86.ActiveCfg = Release|x86
		{63A6C14D-00F8-4B05-AEA7-7EACED051784}.Release|x86.Build.0 = Release|x86
		{6619F177-B399-402A-8C54-1D5D2F9B8114}.Debug|x86.ActiveCfg = Debug|x86
		{6619F177-B399-402A-8C54-1D5D2F9B8114}.Debug|x86.Build.0 = Debug|x86
		{6619F177-B399-402A-8C54-1D5D2F9B8114}.Release|x86.ActiveCfg = Release|x86
		{6619F177-B399-402A-8C54-1D5D2F9B8114}.Release|x86.Build.0 = Release|x86
		{6A0534F9-1EBE-435D-AFED-2BC2F1FB2596}.Debug|x86.ActiveCfg = Debug|x86
		{6A0534F9-1EBE-435D-AFED-2BC2F1FB2596}.Debug|x86.Build.0 = Debug|x86
		{6A0534F9-1EBE-435D-AFED-2BC2F1FB2596}.Release|x86.ActiveCfg = Release|x86
		{6A0534F9-1EBE-435D-AFED-2BC2F1FB2596}.Release|x86.Build.0 = Release|x86
		{6A9739C3-210A-45FA-813A-7C26B4229FBD}.Debug|x86.ActiveCfg = Debug|x86
		{6A9739C3-210A-45FA-813A-7C26B4229FBD}.Debug|x86.Build.0 = Debug|x86
		{6A9739C3-210A-45FA-813A-7C26B4229FBD}.Release|x86.ActiveCfg = Release|x86
		{6A9739C3-210A-45FA-813A-7C26B4229FBD}.Release|x86.Build.0 = Release|x86
		{6CA94EAA-988F-4B7E-BE34-340ECFA8F590}.Debug|x86.ActiveCfg = Debug|x86
		{6CA94EAA-988F-4B7E-BE34-340ECFA8F590}.Debug|x86.Build.0 = Debug|x86
		{6CA94EAA-988F-4B7E-BE34-340ECFA8F590}.Release|x86.ActiveCfg = Release|x86
		{6CA94EAA-988F-4B7E-BE34-340ECFA8F590}.Release|x86.Build.0 = Release|x86
		{70AFB9DA-97DE-44E4-A104-52EE7C1F2665}.Debug|x86.ActiveCfg = Debug|x86
		{70AFB9DA-97DE-44E4-A104-52EE7C1F2665}.Debug|x86.Build.0 = Debug|x86
		{70AFB9DA-97DE-44E4-A104-52EE7C1F2665}.Release|x86.ActiveCfg = Release|x86
		{70AFB9DA-97DE-44E4-A104-52EE7C1F2665}.Release|x86.Build.0 = Release|x86
		{71A1D8FC-3E9C-4A54-964B-4B7F3D27E884}.Debug|x86.ActiveCfg = Debug|x86
		{71A1D8FC-3E9C-4A54-964B-4B7F3D27E884}.Debug|x86.Build.0 = Debug|x86
		{71A1D8FC-3E9C-4A54-964B-4B7F3D27E884}.Release|x86.ActiveCfg = Release|x86
		{71A1D8FC-3E9C-4A54-964B-4B7F3D27E884}.Release|x86.Build.0 = Release|x86
		{74CC9DFE-54E8-49A2-8EA1-DF47F35A413E}.Debug|x86.ActiveCfg = Debug|x86
		{74CC9DFE-54E8-49A2-8EA1-DF47F35A413E}.Debug|x86.Build.0 = Debug|x86
		{74CC9DFE-54E8-49A2-8EA1-DF47F35A413E}.Release|x86.ActiveCfg = Release|x86
		{74CC9DFE-54E8-49A2-8EA1-DF47F35A413E}.Release|x86.Build.0 = Release|x86
		{77FB1124-D387-47E1-A99C-32ABF4ED2CBE}.Debug|x86.ActiveCfg = Debug|x86
		{77FB1124-D387-47E1-A99C-32ABF4ED2CBE}.Debug|x86.Build.0 = Debug|x86
		{77FB1124-D387-47E1-A99C-32ABF4ED2CBE}.Release|x86.ActiveCfg = Release|x86
		{77FB1124-D387-47E1-A99C-32ABF4ED2CBE}.Release|x86.Build.0 = Release|x86
		{78717F90-7FFC-436B-BAE0-6D8CC24B8C11}.Debug|x86.ActiveCfg = Debug|x86
		{78717F90-7FFC-436B-BAE0-6D8CC24B8C11}.Debug|x86.Build.0 = Debug|x86
		{78717F90-7FFC-436B-BAE0-6D8CC24B8C11}.Release|x86.ActiveCfg = Release|x86
		{78717F90-7FFC-436B-BAE0-6D8CC24B8C11}.Release|x86.Build.0 = Release|x86
		{7A07E344-E1FD-456C-9E8B-97C04FC4D325}.Debug|x86.ActiveCfg = Debug|x86
		{7A07E344-E1FD-456C-9E8B-97C04FC4D325}.Debug|x86.Build.0 = Debug|x86
		{7A07E344-E1FD-456C-9E8B-97C04FC4D325}.Release|x86.ActiveCfg = Release|x86
		{7A07E344-E1FD-456C-9E8B-97C04FC4D325}.Release|x86.Build.0 = Release|x86
		{7B1B31FC-2C87-428E-BE9C-A5BCC1D2D6B5}.Debug|x86.ActiveCfg = Debug|x86
		{7B1B31FC-2C87-428E-BE9C-A5BCC1D2D6B5}.Debug|x86.Build.0 = Debug|x86
		{7B1B31FC-2C87-428E-BE9C-A5BCC1D2D6B5}.Release|x86.ActiveCfg = Release|x86
		{7B1B31FC-2C87-428E-BE9C-A5BCC1D2D6B5}.Release|x86.Build.0 = Release|x86
		{7B32E1B5-A15E-44E1-AE05-F2CED45A29D9}.Debug|x86.ActiveCfg = Debug|x86
		{7B32E1B5-A15E-44E1-AE05-F2CED45A29D9}.Debug|x86.Build.0 = Debug|x86
		{7B32E1B5-A15E-44E1-AE05-F2CED45A29D9}.Release|x86.ActiveCfg = Release|x86
		{7B32E1B5-A15E-44E1-AE05-F2CED45A29D9}.Release|x86.Build.0 = Release|x86
		{7D16C0F0-75C9-4843-8DDA-66FEB93F25F2}.Debug|x86.ActiveCfg = Debug|x86
		{7D16C0F0-75C9-4843-8DDA-66FEB93F25F2}.Debug|x86.Build.0 = Debug|x86
		{7D16C0F0-75C9-4843-8DDA-66FEB93F25F2}.Release|x86.ActiveCfg = Release|x86
		{7D16C0F0-75C9-4843-8DDA-66FEB93F25F2}.Release|x86.Build.0 = Release|x86
		{7D22CE0B-730B-4E4A-9321-EFB481D3633F}.Debug|x86.ActiveCfg = Debug|x86
		{7D22CE0B-730B-4E4A-9321-EFB481D3633F}.Debug|x86.Build.0 = Debug|x86
		{7D22CE0B-730B-4E4A-9321-EFB481D3633F}.Release|x86.ActiveCfg = Release|x86
		{7D22CE0B-730B-4E4A-9321-EFB481D3633F}.Release|x86.Build.0 = Release|x86
		{7DA2995D-E0D8-45D5-BB4C-47AF5BC8C275}.Debug|x86.ActiveCfg = Debug|x86
		{7DA2995D-E0D8-45D5-BB4C-47AF5BC8C275}.Debug|x86.Build.0 = Debug|x86
		{7DA2995D-E0D8-45D5-BB4C-47AF5BC8C275}.Release|x86.ActiveCfg = Release|x86
		{7DA2995D-E0D8-45D5-BB4C-47AF5BC8C275}.Release|x86.Build.0 = Release|x86
		{7E82D2B2-6B16-42D2-A2DA-2DDDCB7E5096}.Debug|x86.ActiveCfg = Debug|x86
		{7E82D2B2-6B16-42D2-A2DA-2DDDCB7E5096}.Debug|x86.Build.0 = Debug|x86
		{7E82D2B2-6B16-42D2-A2DA-2DDDCB7E5096}.Release|x86.ActiveCfg = Release|x86
		{7E82D2B2-6B16-42D2-A2DA-2DDDCB7E5096}.Release|x86.Build.0 = Release|x86
		{80B8BBD1-FD01-4773-A5DA-215AF60D0FB5}.Debug|x86.ActiveCfg = Debug|x86
		{80B8BBD1-FD01-4773-A5DA-215AF60D0FB5}.Debug|x86.Build.0 = Debug|x86
		{80B8BBD1-FD01-4773-A5DA-215AF60D0FB5}.Release|x86.ActiveCfg = Release|x86
		{80B8BBD1-FD01-4773-A5DA-215AF60D0FB5}.Release|x86.Build.0 = Release|x86
		{863536DF-B75D-4EFC-AA7B-ED1BAA20B61D}.Debug|x86.ActiveCfg = Debug|x86
		{863536DF-B75D-4EFC-AA7B-ED1BAA20B61D}.Debug|x86.Build.0 = Debug|x86
		{863536DF-B75D-4EFC-AA7B-ED1BAA20B61D}.Release|x86.ActiveCfg = Release|x86
		{863536DF-B75D-4EFC-AA7B-ED1BAA20B61D}.Release|x86.Build.0 = Release|x86
		{88CF5552-9CDC-4B8C-B695-6B3D56A14942}.Debug|x86.ActiveCfg = Debug|x86
		{88CF5552-9CDC-4B8C-B695-6B3D56A14942}.Debug|x86.Build.0 = Debug|x86
		{88CF5552-9CDC-4B8C-B695-6B3D56A14942}.Release|x86.ActiveCfg = Release|x86
		{88CF5552-9CDC-4B8C-B695-6B3D56A14942}.Release|x86.Build.0 = Release|x86
		{8F575B50-9CE1-4140-8FF4-E1AD9C78FAC6}.Debug|x86.ActiveCfg = Debug|x86
		{8F575B50-9CE1-4140-8FF4-E1AD9C78FAC6}.Debug|x86.Build.0 = Debug|x86
		{8F575B50-9CE1-4140-8FF4-E1AD9C78FAC6}.Release|x86.ActiveCfg = Release|x86
		{8F575B50-9CE1-4140-8FF4-E1AD9C78FAC6}.Release|x86.Build.0 = Release|x86
		{91967772-A95A-4376-B0CB-7FA9FC748820}.Debug|x86.ActiveCfg = Debug|x86
		{91967772-A95A-4376-B0CB-7FA9FC748820}.Debug|x86.Build.0 = Debug|x86
		{91967772-A95A-4376-B0CB-7FA9FC748820}.Release|x86.ActiveCfg = Release|x86
		{91967772-A95A-4376-B0CB-7FA9FC748820}.Release|x86.Build.0 = Release|x86
		{9380709E-55B8-4A67-AE1A-CCB298E95ECD}.Debug|x86.ActiveCfg = Debug|x86
		{9380709E-55B8-4A67-AE1A-CCB298E95ECD}.Debug|x86.Build.0 = Debug|x86
		{9380709E-55B8-4A67-AE1A-CCB298E95ECD}.Release|x86.ActiveCfg = Release|x86
		{9380709E-55B8-4A67-AE1A-CCB298E95ECD}.Release|x86.Build.0 = Release|x86
		{953BE5A0-8597-4EDC-BFDB-3807E8758D1C}.Debug|x86.ActiveCfg = Debug|x86
		{953BE5A0-8597-4EDC-BFDB-3807E8758D1C}.Debug|x86.Build.0 = Debug|x86
		{953BE5A0-8597-4EDC-BFDB-3807E8758D1C}.Release|x86.ActiveCfg = Release|x86
		{953BE5A0-8597-4EDC-BFDB-3807E8758D1C}.Release|x86.Build.0 = Release|x86
		{992E1101-F783-4E65-A7DF-FE09D38A2BB7}.Debug|x86.ActiveCfg = Debug|x86
		{992E1101-F783-4E65-A7DF-FE09D38A2BB7}.Debug|x86.Build.0 = Debug|x86
		{992E1101-F783-4E65-A7DF-FE09D38A2BB7}.Release|x86.ActiveCfg = Release|x86
		{992E1101-F783-4E65-A7DF-FE09D38A2BB7}.Release|x86.Build.0 = Release|x86
		{9AA79E3C-0C2C-4BB9-A6C5-3CF2B6AE3374}.Debug|x86.ActiveCfg = Debug|x86
		{9AA79E3C-0C2C-4BB9-A6C5-3CF2B6AE3374}.Debug|x86.Build.0 = Debug|x86
		{9AA79E3C-0C2C-4BB9-A6C5-3CF2B6AE3374}.Release|x86.ActiveCfg = Release|x86
		{9AA79E3C-0C2C-4BB9-A6C5-3CF2B6AE3374}.Release|x86.Build.0 = Release|x86
		{9CADEE98-CDAC-4DAC-AD83-57BF6241E8C0}.Debug|x86.ActiveCfg = Debug|x86
		{9CADEE98-CDAC-4DAC-AD83-57BF6241E8C0}.Debug|x86.Build.0 = Debug|x86
		{9CADEE98-CDAC-4DAC-AD83-57BF6241E8C0}.Release|x86.ActiveCfg = Release|x86
		{9CADEE98-CDAC-4DAC-AD83-57BF6241E8C0}.Release|x86.Build.0 = Release|x86
		{9ED42173-D3E4-4F71-B20D-123E216EABA4}.Debug|x86.ActiveCfg = Debug|x86
		{9ED42173-D3E4-4F71-B20D-123E216EABA4}.Debug|x86.Build.0 = Debug|x86
		{9ED42173-D3E4-4F71-B20D-123E216EABA4}.Release|x86.ActiveCfg = Release|x86
		{9ED42173-D3E4-4F71-B20D-123E216EABA4}.Release|x86.Build.0 = Release|x86
		{A01E3C33-7085-4923-85A9-514E1191F38F}.Debug|x86.ActiveCfg = Debug|x86
		{A01E3C33-7085-4923-85A9-514E1191F38F}.Debug|x86.Build.0 = Debug|x86
		{A01E3C33-7085-4923-85A9-514E1191F38F}.Release|x86.ActiveCfg = Release|x86
		{A01E3C33-7085-4923-85A9-514E1191F38F}.Release|x86.Build.0 = Release|x86
		{A02E63F5-73AC-4B1C-AD87-5BF05382F60C}.Debug|x86.ActiveCfg = Debug|x86
		{A02E63F5-73AC-4B1C-AD87-5BF05382F60C}.Debug|x86.Build.0 = Debug|x86
		{A02E63F5-73AC-4B1C-AD87-5BF05382F60C}.Release|x86.ActiveCfg = Release|x86
		{A02E63F5-73AC-4B1C-AD87-5BF05382F60C}.Release|x86.Build.0 = Release|x86
		{A05CE340-4A2F-409A-AFC4-78C0FC478872}.Debug|x86.ActiveCfg = Debug|x86
		{A05CE340-4A2F-409A-AFC4-78C0FC478872}.Debug|x86.Build.0 = Debug|x86
		{A05CE340-4A2F-409A-AFC4-78C0FC478872}.Release|x86.ActiveCfg = Release|x86
		{A05CE340-4A2F-409A-AFC4-78C0FC478872}.Release|x86.Build.0 = Release|x86
		{A2653563-6C73-4390-BA81-DB9A2458D7A1}.Debug|x86.ActiveCfg = Debug|x86
		{A2653563-6C73-4390-BA81-DB9A2458D7A1}.Debug|x86.Build.0 = Debug|x86
		{A2653563-6C73-4390-BA81-DB9A2458D7A1}.Release|x86.ActiveCfg = Release|x86
		{A2653563-6C73-4390-BA81-DB9A2458D7A1}.Release|x86.Build.0 = Release|x86
		{A59616C0-88FE-4239-8D09-F508D0565555}.Debug|x86.ActiveCfg = Debug|x86
		{A59616C0-88FE-4239-8D09-F508D0565555}.Debug|x86.Build.0 = Debug|x86
		{A59616C0-88FE-4239-8D09-F508D0565555}.Release|x86.ActiveCfg = Release|x86
		{A59616C0-88FE-4239-8D09-F508D0565555}.Release|x86.Build.0 = Release|x86
		{A852C8C4-DDA7-49BD-BC1B-9DB682FFF137}.Debug|x86.ActiveCfg = Debug|x86
		{A852C8C4-DDA7-49BD-BC1B-9DB682FFF137}.Debug|x86.Build.0 = Debug|x86
		{A852C8C4-DDA7-49BD-BC1B-9DB682FFF137}.Release|x86.ActiveCfg = Release|x86
		{A852C8C4-DDA7-49BD-BC1B-9DB682FFF137}.Release|x86.Build.0 = Release|x86
		{A949324E-0560-42F8-9099-F83FFE2F7D9E}.Debug|x86.ActiveCfg = Debug|x86
		{A949324E-0560-42F8-9099-F83FFE2F7D9E}.Debug|x86.Build.0 = Debug|x86
		{A949324E-0560-42F8-9099-F83FFE2F7D9E}.Release|x86.ActiveCfg = Release|x86
		{A949324E-0560-42F8-9099-F83FFE2F7D9E}.Release|x86.Build.0 = Release|x86
		{ABCFFA7B-EA6F-4FF6-A9F8-2F1B01D4E6C2}.Debug|x86.ActiveCfg = Debug|x86
		{ABCFFA7B-EA6F-4FF6-A9F8-2F1B01D4E6C2}.Debug|x86.Build.0 = Debug|x86
		{ABCFFA7B-EA6F-4FF6-A9F8-2F1B01D4E6C2}.Release|x86.ActiveCfg = Release|x86
		{ABCFFA7B-EA6F-4FF6-A9F8-2F1B01D4E6C2}.Release|x86.Build.0 = Release|x86
		{AC6DAFBE-5720-4AA1-A8B5-0F6C764153E2}.Debug|x86.ActiveCfg = Debug|x86
		{AC6DAFBE-5720-4AA1-A8B5-0F6C764153E2}.Debug|x86.Build.0 = Debug|x86
		{AC6DAFBE-5720-4AA1-A8B5-0F6C764153E2}.Release|x86.ActiveCfg = Release|x86
		{AC6DAFBE-5720-4AA1-A8B5-0F6C764153E2}.Release|x86.Build.0 = Release|x86
		{B1A61326-306B-412C-84DE-A5EBDFF0C633}.Debug|x86.ActiveCfg = Debug|x86
		{B1A61326-306B-412C-84DE-A5EBDFF0C633}.Debug|x86.Build.0 = Debug|x86
		{B1A61326-306B-412C-84DE-A5EBDFF0C633}.Release|x86.ActiveCfg = Release|x86
		{B1A61326-306B-412C-84DE-A5EBDFF0C633}.Release|x86.Build.0 = Release|x86
		{B2A14F82-B11F-4346-9EE7-AA0BE2A13FB4}.Debug|x86.ActiveCfg = Debug|x86
		{B2A14F82-B11F-4346-9EE7-AA0BE2A13FB4}.Debug|x86.Build.0 = Debug|x86
		{B2A14F82-B11F-4346-9EE7-AA0BE2A13FB4}.Release|x86.ActiveCfg = Release|x86
		{B2A14F82-B11F-4346-9EE7-AA0BE2A13FB4}.Release|x86.Build.0 = Release|x86
		{B3428D3D-8646-4201-A041-10FED315CF93}.Debug|x86.ActiveCfg = Debug|x86
		{B3428D3D-8646-4201-A041-10FED315CF93}.Debug|x86.Build.0 = Debug|x86
		{B3428D3D-8646-4201-A041-10FED315CF93}.Release|x86.ActiveCfg = Release|x86
		{B3428D3D-8646-4201-A041-10FED315CF93}.Release|x86.Build.0 = Release|x86
		{B4965D34-AA06-4EF7-978E-2A15848A0C0E}.Debug|x86.ActiveCfg = Debug|x86
		{B4965D34-AA06-4EF7-978E-2A15848A0C0E}.Debug|x86.Build.0 = Debug|x86
		{B4965D34-AA06-4EF7-978E-2A15848A0C0E}.Release|x86.ActiveCfg = Release|x86
		{B4965D34-AA06-4EF7-978E-2A15848A0C0E}.Release|x86.Build.0 = Release|x86
		{BBDA5759-4C23-4CC8-BE4A-7AB6220FA8E7}.Debug|x86.ActiveCfg = Debug|x86
		{BBDA5759-4C23-4CC8-BE4A-7AB6220FA8E7}.Debug|x86.Build.0 = Debug|x86
		{BBDA5759-4C23-4CC8-BE4A-7AB6220FA8E7}.Release|x86.ActiveCfg = Release|x86
		{BBDA5759-4C23-4CC8-BE4A-7AB6220FA8E7}.Release|x86.Build.0 = Release|x86
		{BCD45CF4-5B34-4E23-87F0-65DF02B481E6}.Debug|x86.ActiveCfg = Debug|x86
		{BCD45CF4-5B34-4E23-87F0-65DF02B481E6}.Debug|x86.Build.0 = Debug|x86
		{BCD45CF4-5B34-4E23-87F0-65DF02B481E6}.Release|x86.ActiveCfg = Release|x86
		{BCD45CF4-5B34-4E23-87F0-65DF02B481E6}.Release|x86.Build.0 = Release|x86
		{BF6F4370-CEB3-4475-AA08-139665A0554E}.Debug|x86.ActiveCfg = Debug|x86
		{BF6F4370-CEB3-4475-AA08-139665A0554E}.Debug|x86.Build.0 = Debug|x86
		{BF6F4370-CEB3-4475-AA08-139665A0554E}.Release|x86.ActiveCfg = Release|x86
		{BF6F4370-CEB3-4475-AA08-139665A0554E}.Release|x86.Build.0 = Release|x86
		{C12E87E0-2256-4E1C-B3E4-538373E88104}.Debug|x86.ActiveCfg = Debug|x86
		{C12E87E0-2256-4E1C-B3E4-538373E88104}.Debug|x86.Build.0 = Debug|x86
		{C12E87E0-2256-4E1C-B3E4-538373E88104}.Release|x86.ActiveCfg = Release|x86
		{C12E87E0-2256-4E1C-B3E4-538373E88104}.Release|x86.Build.0 = Release|x86
		{C1A57B68-42F7-4223-AD00-F4CEFFF8A1B5}.Debug|x86.ActiveCfg = Debug|x86
		{C1A57B68-42F7-4223-AD00-F4CEFFF8A1B5}.Debug|x86.Build.0 = Debug|x86
		{C1A57B68-42F7-4223-AD00-F4CEFFF8A1B5}.Release|x86.ActiveCfg = Release|x86
		{C1A57B68-42F7-4223-AD00-F4CEFFF8A1B5}.Release|x86.Build.0 = Release|x86
		{C3F10303-F2DF-4717-A57E-09890B60AF19}.Debug|x86.ActiveCfg = Debug|x86
		{C3F10303-F2DF-4717-A57E-09890B60AF19}.Debug|x86.Build.0 = Debug|x86
		{C3F10303-F2DF-4717-A57E-09890B60AF19}.Release|x86.ActiveCfg = Release|x86
		{C3F10303-F2DF-4717-A57E-09890B60AF19}.Release|x86.Build.0 = Release|x86
		{C75C944E-821B-4BD7-990E-8DBE92EFB58E}.Debug|x86.ActiveCfg = Debug|x86
		{C75C944E-821B-4BD7-990E-8DBE92EFB58E}.Debug|x86.Build.0 = Debug|x86
		{C75C944E-821B-4BD7-990E-8DBE92EFB58E}.Release|x86.ActiveCfg = Release|x86
		{C75C944E-821B-4BD7-990E-8DBE92EFB58E}.Release|x86.Build.0 = Release|x86
		{C7B7FD9F-01CD-44D9-9F69-B48C32569F4B}.Debug|x86.ActiveCfg = Debug|x86
		{C7B7FD9F-01CD-44D9-9F69-B48C32569F4B}.Debug|x86.Build.0 = Debug|x86
		{C7B7FD9F-01CD-44D9-9F69-B48C32569F4B}.Release|x86.ActiveCfg = Release|x86
		{C7B7FD9F-01CD-44D9-9F69-B48C32569F4B}.Release|x86.Build.0 = Release|x86
		{CA506C0C-F570-4BC4-AFF6-0B4969D291AE}.Debug|x86.ActiveCfg = Debug|x86
		{CA506C0C-F570-4BC4-AFF6-0B4969D291AE}.Debug|x86.Build.0 = Debug|x86
		{CA506C0C-F570-4BC4-AFF6-0B4969D291AE}.Release|x86.ActiveCfg = Release|x86
		{CA506C0C-F570-4BC4-AFF6-0B4969D291AE}.Release|x86.Build.0 = Release|x86
		{CB485EA6-EF4F-42F1-A077-3015999D78F4}.Debug|x86.ActiveCfg = Debug|x86
		{CB485EA6-EF4F-42F1-A077-3015999D78F4}.Debug|x86.Build.0 = Debug|x86
		{CB485EA6-EF4F-42F1-A077-3015999D78F4}.Release|x86.ActiveCfg = Release|x86
		{CB485EA6-EF4F-42F1-A077-3015999D78F4}.Release|x86.Build.0 = Release|x86
		{D6DDEC71-EBC4-42E8-96E9-82A2A05A107F}.Debug|x86.ActiveCfg = Debug|x86
		{D6DDEC71-EBC4-42E8-96E9-82A2A05A107F}.Debug|x86.Build.0 = Debug|x86
		{D6DDEC71-EBC4-42E8-96E9-82A2A05A107F}.Release|x86.ActiveCfg = Release|x86
		{D6DDEC71-EBC4-42E8-96E9-82A2A05A107F}.Release|x86.Build.0 = Release|x86
		{D96D85A8-56B6-4AC5-BA55-129C488626A1}.Debug|x86.ActiveCfg = Debug|x86
		{D96D85A8-56B6-4AC5-BA55-129C488626A1}.Debug|x86.Build.0 = Debug|x86
		{D96D85A8-56B6-4AC5-BA55-129C488626A1}.Release|x86.ActiveCfg = Release|x86
		{D96D85A8-56B6-4AC5-BA55-129C488626A1}.Release|x86.Build.0 = Release|x86
		{DB24CFC6-7D6E-4D78-8418-44C9910E8C68}.Debug|x86.ActiveCfg = Debug|x86
		{DB24CFC6-7D6E-4D78-8418-44C9910E8C68}.Debug|x86.Build.0 = Debug|x86
		{DB24CFC6-7D6E-4D78-8418-44C9910E8C68}.Release|x86.ActiveCfg = Release|x86
		{DB24CFC6-7D6E-4D78-8418-44C9910E8C68}.Release|x86.Build.0 = Release|x86
		{DD2A47D4-196A-407E-9060-5AB2EC67557B}.Debug|x86.ActiveCfg = Debug|x86
		{DD2A47D4-196A-407E-9060-5AB2EC67557B}.Debug|x86.Build.0 = Debug|x86
		{DD2A47D4-196A-407E-9060-5AB2EC67557B}.Release|x86.ActiveCfg = Release|x86
		{DD2A47D4-196A-407E-9060-5AB2EC67557B}.Release|x86.Build.0 = Release|x86
		{DDD73330-2E16-4D60-BB52-F76CB199C502}.Debug|x86.ActiveCfg = Debug|x86
		{DDD73330-2E16-4D60-BB52-F76CB199C502}.Debug|x86.Build.0 = Debug|x86
		{DDD73330-2E16-4D60-BB52-F76CB199C502}.Release|x86.ActiveCfg = Release|x86
		{DDD73330-2E16-4D60-BB52-F76CB199C502}.Release|x86.Build.0 = Release|x86
		{E35A600B-B56F-4E70-A32F-81D1A3CF9B84}.Debug|x86.ActiveCfg = Debug|x86
		{E35A600B-B56F-4E70-A32F-81D1A3CF9B84}.Debug|x86.Build.0 = Debug|x86
		{E35A600B-B56F-4E70-A32F-81D1A3CF9B84}.Release|x86.ActiveCfg = Release|x86
		{E35A600B-B56F-4E70-A32F-81D1A3CF9B84}.Release|x86.Build.0 = Release|x86
		{E4154725-A649-43FD-BDAA-6A7926D42767}.Debug|x86.ActiveCfg = Debug|x86
		{E4154725-A649-43FD-BDAA-6A7926D42767}.Debug|x86.Build.0 = Debug|x86
		{E4154725-A649-43FD-BDAA-6A7926D42767}.Release|x86.ActiveCfg = Release|x86
		{E4154725-A649-43FD-BDAA-6A7926D42767}.Release|x86.Build.0 = Release|x86
		{E4FE708E-14BC-4ED8-B31A-EAED40FC2220}.Debug|x86.ActiveCfg = Debug|x86
		{E4FE708E-14BC-4ED8-B31A-EAED40FC2220}.Debug|x86.Build.0 = Debug|x86
		{E4FE708E-14BC-4ED8-B31A-EAED40FC2220}.Release|x86.ActiveCfg = Release|x86
		{E4FE708E-14BC-4ED8-B31A-EAED40FC2220}.Release|x86.Build.0 = Release|x86
		{E6756B9E-E6BB-403E-B557-28EE95D09F1A}.Debug|x86.ActiveCfg = Debug|x86
		{E6756B9E-E6BB-403E-B557-28EE95D09F1A}.Debug|x86.Build.0 = Debug|x86
		{E6756B9E-E6BB-403E-B557-28EE95D09F1A}.Release|x86.ActiveCfg = Release|x86
		{E6756B9E-E6BB-403E-B557-28EE95D09F1A}.Release|x86.Build.0 = Release|x86
		{E847E45E-D9C4-46A0-833F-0510743C0C10}.Debug|x86.ActiveCfg = Debug|x86
		{E847E45E-D9C4-46A0-833F-0510743C0C10}.Debug|x86.Build.0 = Debug|x86
		{E847E45E-D9C4-46A0-833F-0510743C0C10}.Release|x86.ActiveCfg = Release|x86
		{E847E45E-D9C4-46A0-833F-0510743C0C10}.Release|x86.Build.0 = Release|x86
		{EB09F451-6223-45ED-93DE-967B664E6818}.Debug|x86.ActiveCfg = Debug|x86
		{EB09F451-6223-45ED-93DE-967B664E6818}.Debug|x86.Build.0 = Debug|x86
		{EB09F451-6223-45ED-93DE-967B664E6818}.Release|x86.ActiveCfg = Release|x86
		{EB09F451-6223-45ED-93DE-967B664E6818}.Release|x86.Build.0 = Release|x86
		{EB30D5E7-A63C-4A6F-8052-D9625E5F290D}.Debug|x86.ActiveCfg = Debug|x86
		{EB30D5E7-A63C-4A6F-8052-D9625E5F290D}.Debug|x86.Build.0 = Debug|x86
		{EB30D5E7-A63C-4A6F-8052-D9625E5F290D}.Release|x86.ActiveCfg = Release|x86
		{EB30D5E7-A63C-4A6F-8052-D9625E5F290D}.Release|x86.Build.0 = Release|x86
		{EC99E6D7-B8AD-4D9C-A015-46096CB42CB2}.Debug|x86.ActiveCfg = Debug|x86
		{EC99E6D7-B8AD-4D9C-A015-46096CB42CB2}.Debug|x86.Build.0 = Debug|x86
		{EC99E6D7-B8AD-4D9C-A015-46096CB42CB2}.Release|x86.ActiveCfg = Release|x86
		{EC99E6D7-B8AD-4D9C-A015-46096CB42CB2}.Release|x86.Build.0 = Release|x86
		{EE2A3C7F-3F1D-4409-9012-06D233EC32D2}.Debug|x86.ActiveCfg = Debug|x86
		{EE2A3C7F-3F1D-4409-9012-06D233EC32D2}.Debug|x86.Build.0 = Debug|x86
		{EE2A3C7F-3F1D-4409-9012-06D233EC32D2}.Release|x86.ActiveCfg = Release|x86
		{EE2A3C7F-3F1D-4409-9012-06D233EC32D2}.Release|x86.Build.0 = Release|x86
		{F1226DC9-5CFD-43DF-B812-A2DB6B888299}.Debug|x86.ActiveCfg = Debug|x86
		{F1226DC9-5CFD-43DF-B812-A2DB6B888299}.Debug|x86.Build.0 = Debug|x86
		{F1226DC9-5CFD-43DF-B812-A2DB6B888299}.Release|x86.ActiveCfg = Release|x86
		{F1226DC9-5CFD-43DF-B812-A2DB6B888299}.Release|x86.Build.0 = Release|x86
		{F15171DA-D00E-422C-B4EE-080EE6345487}.Debug|x86.ActiveCfg = Debug|x86
		{F15171DA-D00E-422C-B4EE-080EE6345487}.Debug|x86.Build.0 = Debug|x86
		{F15171DA-D00E-422C-B4EE-080EE6345487}.Release|x86.ActiveCfg = Release|x86
		{F15171DA-D00E-422C-B4EE-080EE6345487}.Release|x86.Build.0 = Release|x86
		{F633EA69-17CB-49AD-9935-548FD23DC907}.Debug|x86.ActiveCfg = Debug|x86
		{F633EA69-17CB-49AD-9935-548FD23DC907}.Debug|x86.Build.0 = Debug|x86
		{F633EA69-17CB-49AD-9935-548FD23DC907}.Release|x86.ActiveCfg = Release|x86
		{F633EA69-17CB-49AD-9935-548FD23DC907}.Release|x86.Build.0 = Release|x86
		{F9150B8A-015D-44D2-912D-BD59660E69AF}.Debug|x86.ActiveCfg = Debug|x86
		{F9150B8A-015D-44D2-912D-BD59660E69AF}.Debug|x86.Build.0 = Debug|x86
		{F9150B8A-015D-44D2-912D-BD59660E69AF}.Release|x86.ActiveCfg = Release|x86
		{F9150B8A-015D-44D2-912D-BD59660E69AF}.Release|x86.Build.0 = Release|x86
		{FC484165-5A83-41C5-81B7-2AD9CDF03548}.Debug|x86.ActiveCfg = Debug|x86
		{FC484165-5A83-41C5-81B7-2AD9CDF03548}.Debug|x86.Build.0 = Debug|x86
		{FC484165-5A83-41C5-81B7-2AD9CDF03548}.Release|x86.ActiveCfg = Release|x86
		{FC484165-5A83-41C5-81B7-2AD9CDF03548}.Release|x86.Build.0 = Release|x86
		{FD41FAA4-4707-4C99-BAEB-B89526A6B8D7}.Debug|x86.ActiveCfg = Debug|x86
		{FD41FAA4-4707-4C99-BAEB-B89526A6B8D7}.Debug|x86.Build.0 = Debug|x86
		{FD41FAA4-4707-4C99-BAEB-B89526A6B8D7}.Release|x86.ActiveCfg = Release|x86
		{FD41FAA4-4707-4C99-BAEB-B89526A6B8D7}.Release|x86.Build.0 = Release|x86
		{FDC01541-48D2-4F53-AD2E-528F2341987D}.Debug|x86.ActiveCfg = Debug|x86
		{FDC01541-48D2-4F53-AD2E-528F2341987D}.Debug|x86.Build.0 = Debug|x86
		{FDC01541-48D2-4F53-AD2E-528F2341987D}.Release|x86.ActiveCfg = Release|x86
		{FDC01541-48D2-4F53-AD2E-528F2341987D}.Release|x86.Build.0 = Release|x86
		{FE9AD9A6-9D9B-4C49-9FEA-519929452E8E}.Debug|x86.ActiveCfg = Debug|x86
		{FE9AD9A6-9D9B-4C49-9FEA-519929452E8E}.Debug|x86.Build.0 = Debug|x86
		{FE9AD9A6-9D9B-4C49-9FEA-519929452E8E}.Release|x86.ActiveCfg = Release|x86
		{FE9AD9A6-9D9B-4C49-9FEA-519929452E8E}.Release|x86.Build.0 = Release|x86
		{FFCA2A4D-81B9-48B8-AA07-BFD48BCC01FD}.Debug|x86.ActiveCfg = Debug|x86
		{FFCA2A4D-81B9-48B8-AA07-BFD48BCC01FD}.Debug|x86.Build.0 = Debug|x86
		{FFCA2A4D-81B9-48B8-AA07-BFD48BCC01FD}.Release|x86.ActiveCfg = Release|x86
		{FFCA2A4D-81B9-48B8-AA07-BFD48BCC01FD}.Release|x86.Build.0 = Release|x86
	EndGlobalSection
	GlobalSection(SolutionProperties) = preSolution
		HideSolutionNode = FALSE
	EndGlobalSection
EndGlobal
